
Microsoft Visual Studio Solution File, Format Version 12.00
# Visual Studio Version 17
VisualStudioVersion = 17.4.33205.214
MinimumVisualStudioVersion = 10.0.40219.1
Project("{FAE04EC0-301F-11D3-BF4B-00C04F79EFBC}") = "di_cors_webapi", "di_cors_webapi\di_cors_webapi.csproj", "{976CA153-2B36-4B75-BD43-013F256462BD}"
EndProject
Global
	GlobalSection(SolutionConfigurationPlatforms) = preSolution
		Debug|Any CPU = Debug|Any CPU
		Release|Any CPU = Release|Any CPU
	EndGlobalSection
	GlobalSection(ProjectConfigurationPlatforms) = postSolution
		{976CA153-2B36-4B75-BD43-013F256462BD}.Debug|Any CPU.ActiveCfg = Debug|Any CPU
		{976CA153-2B36-4B75-BD43-013F256462BD}.Debug|Any CPU.Build.0 = Debug|Any CPU
		{976CA153-2B36-4B75-BD43-013F256462BD}.Release|Any CPU.ActiveCfg = Release|Any CPU
		{976CA153-2B36-4B75-BD43-013F256462BD}.Release|Any CPU.Build.0 = Release|Any CPU
	EndGlobalSection
	GlobalSection(SolutionProperties) = preSolution
		HideSolutionNode = FALSE
	EndGlobalSection
	GlobalSection(ExtensibilityGlobals) = postSolution
		SolutionGuid = {7133E52F-2B56-414B-994B-622E00EE3F02}
	EndGlobalSection
EndGlobal
